
Microsoft Visual Studio Solution File, Format Version 12.00
# Visual Studio Version 16
VisualStudioVersion = 16.0.30011.22
MinimumVisualStudioVersion = 10.0.40219.1
Project("{9A19103F-16F7-4668-BE54-9A1E7A4F7556}") = "etcd", "etcd\etcd.csproj", "{C5200E4D-0DB5-4520-8B3C-328965AE5965}"
EndProject
Project("{FAE04EC0-301F-11D3-BF4B-00C04F79EFBC}") = "ConsoleApp1", "ConsoleApp1\ConsoleApp1.csproj", "{56220702-0F1B-4B1C-BE05-27E9461B0828}"
EndProject
Project("{FAE04EC0-301F-11D3-BF4B-00C04F79EFBC}") = "CSharpEtcd", "CSharpEtcdClient\CSharpEtcd.csproj", "{0F6AC5D5-3B7F-47A1-B06A-A35C393AFE1F}"
EndProject
Global
	GlobalSection(SolutionConfigurationPlatforms) = preSolution
		Debug|Any CPU = Debug|Any CPU
		Release|Any CPU = Release|Any CPU
	EndGlobalSection
	GlobalSection(ProjectConfigurationPlatforms) = postSolution
		{C5200E4D-0DB5-4520-8B3C-328965AE5965}.Debug|Any CPU.ActiveCfg = Debug|Any CPU
		{C5200E4D-0DB5-4520-8B3C-328965AE5965}.Debug|Any CPU.Build.0 = Debug|Any CPU
		{C5200E4D-0DB5-4520-8B3C-328965AE5965}.Release|Any CPU.ActiveCfg = Release|Any CPU
		{C5200E4D-0DB5-4520-8B3C-328965AE5965}.Release|Any CPU.Build.0 = Release|Any CPU
		{56220702-0F1B-4B1C-BE05-27E9461B0828}.Debug|Any CPU.ActiveCfg = Debug|Any CPU
		{56220702-0F1B-4B1C-BE05-27E9461B0828}.Debug|Any CPU.Build.0 = Debug|Any CPU
		{56220702-0F1B-4B1C-BE05-27E9461B0828}.Release|Any CPU.ActiveCfg = Release|Any CPU
		{56220702-0F1B-4B1C-BE05-27E9461B0828}.Release|Any CPU.Build.0 = Release|Any CPU
		{0F6AC5D5-3B7F-47A1-B06A-A35C393AFE1F}.Debug|Any CPU.ActiveCfg = Debug|Any CPU
		{0F6AC5D5-3B7F-47A1-B06A-A35C393AFE1F}.Debug|Any CPU.Build.0 = Debug|Any CPU
		{0F6AC5D5-3B7F-47A1-B06A-A35C393AFE1F}.Release|Any CPU.ActiveCfg = Release|Any CPU
		{0F6AC5D5-3B7F-47A1-B06A-A35C393AFE1F}.Release|Any CPU.Build.0 = Release|Any CPU
	EndGlobalSection
	GlobalSection(SolutionProperties) = preSolution
		HideSolutionNode = FALSE
	EndGlobalSection
	GlobalSection(ExtensibilityGlobals) = postSolution
		SolutionGuid = {05A824F5-7F00-41E7-B860-80BA5094F876}
	EndGlobalSection
EndGlobal
